{
    "php": {
        "version": "7.4"
    },
    "symfony/translation-contracts": {
        "version": "v2.0.1"
    },
    "symfony/twig-bridge": {
        "version": "v5.0.4"
    },
    "symfony/twig-bundle": {
        "version": "5.0",
        "recipe": {
            "repo": "github.com/symfony/recipes",
            "branch": "master",
            "version": "5.0",
            "ref": "fab9149bbaa4d5eca054ed93f9e1b66cc500895d"
        },
        "files": [
            "config/packages/test/twig.yaml",
            "config/packages/twig.yaml",
            "templates/base.html.twig"
        ]
    },
    "twig/twig": {
        "version": "v3.0.3"
    }
}
